
Microsoft Visual Studio Solution File, Format Version 11.00
# Visual Studio 2010
Project("{FAE04EC0-301F-11D3-BF4B-00C04F79EFBC}") = "SlingSoccer", "Assembly-CSharp.csproj", "{B220E0B8-5A4C-AA5E-0A80-37CDB937453B}"
EndProject
Project("{FAE04EC0-301F-11D3-BF4B-00C04F79EFBC}") = "SlingSoccer", "Assembly-CSharp-Editor.csproj", "{BC4722AE-4136-8D46-0213-90590F4AB530}"
EndProject
Global
	GlobalSection(SolutionConfigurationPlatforms) = preSolution
		Debug|Any CPU = Debug|Any CPU
		Release|Any CPU = Release|Any CPU
	EndGlobalSection
	GlobalSection(ProjectConfigurationPlatforms) = postSolution
		{B220E0B8-5A4C-AA5E-0A80-37CDB937453B}.Debug|Any CPU.ActiveCfg = Debug|Any CPU
		{B220E0B8-5A4C-AA5E-0A80-37CDB937453B}.Debug|Any CPU.Build.0 = Debug|Any CPU
		{B220E0B8-5A4C-AA5E-0A80-37CDB937453B}.Release|Any CPU.ActiveCfg = Release|Any CPU
		{B220E0B8-5A4C-AA5E-0A80-37CDB937453B}.Release|Any CPU.Build.0 = Release|Any CPU
		{BC4722AE-4136-8D46-0213-90590F4AB530}.Debug|Any CPU.ActiveCfg = Debug|Any CPU
		{BC4722AE-4136-8D46-0213-90590F4AB530}.Debug|Any CPU.Build.0 = Debug|Any CPU
		{BC4722AE-4136-8D46-0213-90590F4AB530}.Release|Any CPU.ActiveCfg = Release|Any CPU
		{BC4722AE-4136-8D46-0213-90590F4AB530}.Release|Any CPU.Build.0 = Release|Any CPU
	EndGlobalSection
	GlobalSection(SolutionProperties) = preSolution
		HideSolutionNode = FALSE
	EndGlobalSection
	GlobalSection(MonoDevelopProperties) = preSolution
		StartupItem = Assembly-CSharp.csproj
	EndGlobalSection
EndGlobal
